
Microsoft Visual Studio Solution File, Format Version 12.00
# Visual Studio Version 17
VisualStudioVersion = 17.2.32414.248
MinimumVisualStudioVersion = 10.0.40219.1
Project("{FAE04EC0-301F-11D3-BF4B-00C04F79EFBC}") = "Export_RTF_File", "Export_RTF_File\Export_RTF_File.csproj", "{9A8BFB06-8758-4479-892D-3B00E2C3112D}"
EndProject
Global
	GlobalSection(SolutionConfigurationPlatforms) = preSolution
		Debug|Any CPU = Debug|Any CPU
		Release|Any CPU = Release|Any CPU
	EndGlobalSection
	GlobalSection(ProjectConfigurationPlatforms) = postSolution
		{9A8BFB06-8758-4479-892D-3B00E2C3112D}.Debug|Any CPU.ActiveCfg = Debug|Any CPU
		{9A8BFB06-8758-4479-892D-3B00E2C3112D}.Debug|Any CPU.Build.0 = Debug|Any CPU
		{9A8BFB06-8758-4479-892D-3B00E2C3112D}.Release|Any CPU.ActiveCfg = Release|Any CPU
		{9A8BFB06-8758-4479-892D-3B00E2C3112D}.Release|Any CPU.Build.0 = Release|Any CPU
	EndGlobalSection
	GlobalSection(SolutionProperties) = preSolution
		HideSolutionNode = FALSE
	EndGlobalSection
	GlobalSection(ExtensibilityGlobals) = postSolution
		SolutionGuid = {1DFD32C2-C1A9-47B3-9394-4CC748CEE338}
	EndGlobalSection
EndGlobal
